
Microsoft Visual Studio Solution File, Format Version 12.00
# Visual Studio Version 17
VisualStudioVersion = 17.14.36518.9
MinimumVisualStudioVersion = 10.0.40219.1
Project("{2150E333-8FDC-42A3-9474-1A3956D46DE8}") = "src", "src", "{02EA681E-C7D8-13C7-8484-4AC65E1B71E8}"
EndProject
Project("{2150E333-8FDC-42A3-9474-1A3956D46DE8}") = "tests", "tests", "{AAB98BE4-CD83-4541-8345-ABE4884A6E45}"
EndProject
Project("{FAE04EC0-301F-11D3-BF4B-00C04F79EFBC}") = "GoogleBooks.Application", "GoogleBooks.Application\GoogleBooks.Application.csproj", "{9DE17499-C902-4575-B15B-7542107A14CE}"
EndProject
Project("{FAE04EC0-301F-11D3-BF4B-00C04F79EFBC}") = "GoogleBooks.Domain", "GoogleBooks.Domain\GoogleBooks.Domain.csproj", "{34B39D70-3CD3-42B1-B228-DDDD98DBF648}"
EndProject
Project("{FAE04EC0-301F-11D3-BF4B-00C04F79EFBC}") = "GoogleBooks.Infrastructure", "GoogleBooks.Infrastructure\GoogleBooks.Infrastructure.csproj", "{F7571BE3-B071-4EF1-A472-BE04055F6001}"
EndProject
Project("{FAE04EC0-301F-11D3-BF4B-00C04F79EFBC}") = "GoogleBooks.Integration.Tests", "..\tests\GoogleBooks.Integration.Tests\GoogleBooks.Integration.Tests.csproj", "{F9038A5E-F594-4441-80C3-B2997F4D1488}"
EndProject
Project("{FAE04EC0-301F-11D3-BF4B-00C04F79EFBC}") = "GoogleBooks.Contracts", "GoogleBooks.Contracts\GoogleBooks.Contracts.csproj", "{881BACE8-8F19-4110-86F1-24E31E24B35F}"
EndProject
Project("{FAE04EC0-301F-11D3-BF4B-00C04F79EFBC}") = "GoogleBooks.WebApi", "GoogleBooks.WebApi\GoogleBooks.WebApi.csproj", "{B9441B99-752A-B3CA-829D-DBFA4DD2D219}"
EndProject
Global
	GlobalSection(SolutionConfigurationPlatforms) = preSolution
		Debug|Any CPU = Debug|Any CPU
		Release|Any CPU = Release|Any CPU
	EndGlobalSection
	GlobalSection(ProjectConfigurationPlatforms) = postSolution
		{9DE17499-C902-4575-B15B-7542107A14CE}.Debug|Any CPU.ActiveCfg = Debug|Any CPU
		{9DE17499-C902-4575-B15B-7542107A14CE}.Debug|Any CPU.Build.0 = Debug|Any CPU
		{9DE17499-C902-4575-B15B-7542107A14CE}.Release|Any CPU.ActiveCfg = Release|Any CPU
		{9DE17499-C902-4575-B15B-7542107A14CE}.Release|Any CPU.Build.0 = Release|Any CPU
		{34B39D70-3CD3-42B1-B228-DDDD98DBF648}.Debug|Any CPU.ActiveCfg = Debug|Any CPU
		{34B39D70-3CD3-42B1-B228-DDDD98DBF648}.Debug|Any CPU.Build.0 = Debug|Any CPU
		{34B39D70-3CD3-42B1-B228-DDDD98DBF648}.Release|Any CPU.ActiveCfg = Release|Any CPU
		{34B39D70-3CD3-42B1-B228-DDDD98DBF648}.Release|Any CPU.Build.0 = Release|Any CPU
		{F7571BE3-B071-4EF1-A472-BE04055F6001}.Debug|Any CPU.ActiveCfg = Debug|Any CPU
		{F7571BE3-B071-4EF1-A472-BE04055F6001}.Debug|Any CPU.Build.0 = Debug|Any CPU
		{F7571BE3-B071-4EF1-A472-BE04055F6001}.Release|Any CPU.ActiveCfg = Release|Any CPU
		{F7571BE3-B071-4EF1-A472-BE04055F6001}.Release|Any CPU.Build.0 = Release|Any CPU
		{F9038A5E-F594-4441-80C3-B2997F4D1488}.Debug|Any CPU.ActiveCfg = Debug|Any CPU
		{F9038A5E-F594-4441-80C3-B2997F4D1488}.Debug|Any CPU.Build.0 = Debug|Any CPU
		{F9038A5E-F594-4441-80C3-B2997F4D1488}.Release|Any CPU.ActiveCfg = Release|Any CPU
		{F9038A5E-F594-4441-80C3-B2997F4D1488}.Release|Any CPU.Build.0 = Release|Any CPU
		{881BACE8-8F19-4110-86F1-24E31E24B35F}.Debug|Any CPU.ActiveCfg = Debug|Any CPU
		{881BACE8-8F19-4110-86F1-24E31E24B35F}.Debug|Any CPU.Build.0 = Debug|Any CPU
		{881BACE8-8F19-4110-86F1-24E31E24B35F}.Release|Any CPU.ActiveCfg = Release|Any CPU
		{881BACE8-8F19-4110-86F1-24E31E24B35F}.Release|Any CPU.Build.0 = Release|Any CPU
		{B9441B99-752A-B3CA-829D-DBFA4DD2D219}.Debug|Any CPU.ActiveCfg = Debug|Any CPU
		{B9441B99-752A-B3CA-829D-DBFA4DD2D219}.Debug|Any CPU.Build.0 = Debug|Any CPU
		{B9441B99-752A-B3CA-829D-DBFA4DD2D219}.Release|Any CPU.ActiveCfg = Release|Any CPU
		{B9441B99-752A-B3CA-829D-DBFA4DD2D219}.Release|Any CPU.Build.0 = Release|Any CPU
	EndGlobalSection
	GlobalSection(SolutionProperties) = preSolution
		HideSolutionNode = FALSE
	EndGlobalSection
	GlobalSection(NestedProjects) = preSolution
		{9DE17499-C902-4575-B15B-7542107A14CE} = {02EA681E-C7D8-13C7-8484-4AC65E1B71E8}
		{34B39D70-3CD3-42B1-B228-DDDD98DBF648} = {02EA681E-C7D8-13C7-8484-4AC65E1B71E8}
		{F7571BE3-B071-4EF1-A472-BE04055F6001} = {02EA681E-C7D8-13C7-8484-4AC65E1B71E8}
		{F9038A5E-F594-4441-80C3-B2997F4D1488} = {AAB98BE4-CD83-4541-8345-ABE4884A6E45}
		{881BACE8-8F19-4110-86F1-24E31E24B35F} = {02EA681E-C7D8-13C7-8484-4AC65E1B71E8}
		{B9441B99-752A-B3CA-829D-DBFA4DD2D219} = {02EA681E-C7D8-13C7-8484-4AC65E1B71E8}
	EndGlobalSection
	GlobalSection(ExtensibilityGlobals) = postSolution
		SolutionGuid = {4B70BB29-952E-45C9-8B81-D81D6DE610A5}
	EndGlobalSection
EndGlobal
